// !$*UTF8*$!
{
	archiveVersion = 1;
	classes = {
	};
	objectVersion = 56;
	objects = {

/* Begin PBXBuildFile section */
		E84B12942B469B6700A64FFA /* UserModel.swift in Sources */ = {isa = PBXBuildFile; fileRef = E84B12932B469B6700A64FFA /* UserModel.swift */; };
		E8552A152B47DEDB0072DBF4 /* FirstTabView.swift in Sources */ = {isa = PBXBuildFile; fileRef = E8552A142B47DEDB0072DBF4 /* FirstTabView.swift */; };
		E8552A172B47DEF70072DBF4 /* SecondTabView.swift in Sources */ = {isa = PBXBuildFile; fileRef = E8552A162B47DEF70072DBF4 /* SecondTabView.swift */; };
		E8552A1D2B47E01D0072DBF4 /* FirstTabViewState.swift in Sources */ = {isa = PBXBuildFile; fileRef = E8552A1C2B47E01D0072DBF4 /* FirstTabViewState.swift */; };
		E8552A1F2B47E0270072DBF4 /* SecondTabViewState.swift in Sources */ = {isa = PBXBuildFile; fileRef = E8552A1E2B47E0270072DBF4 /* SecondTabViewState.swift */; };
		E8552A212B47ED2B0072DBF4 /* UserStore.swift in Sources */ = {isa = PBXBuildFile; fileRef = E8552A202B47ED2B0072DBF4 /* UserStore.swift */; };
		E8DD81FB2B45AC5600D10413 /* cloudKitTestApp.swift in Sources */ = {isa = PBXBuildFile; fileRef = E8DD81FA2B45AC5600D10413 /* cloudKitTestApp.swift */; };
		E8DD81FD2B45AC5600D10413 /* ContentView.swift in Sources */ = {isa = PBXBuildFile; fileRef = E8DD81FC2B45AC5600D10413 /* ContentView.swift */; };
		E8DD82012B45AC5700D10413 /* Assets.xcassets in Resources */ = {isa = PBXBuildFile; fileRef = E8DD82002B45AC5700D10413 /* Assets.xcassets */; };
		E8DD82042B45AC5700D10413 /* Preview Assets.xcassets in Resources */ = {isa = PBXBuildFile; fileRef = E8DD82032B45AC5700D10413 /* Preview Assets.xcassets */; };
/* End PBXBuildFile section */

/* Begin PBXFileReference section */
		E84B12932B469B6700A64FFA /* UserModel.swift */ = {isa = PBXFileReference; lastKnownFileType = sourcecode.swift; path = UserModel.swift; sourceTree = "<group>"; };
		E8552A142B47DEDB0072DBF4 /* FirstTabView.swift */ = {isa = PBXFileReference; lastKnownFileType = sourcecode.swift; path = FirstTabView.swift; sourceTree = "<group>"; };
		E8552A162B47DEF70072DBF4 /* SecondTabView.swift */ = {isa = PBXFileReference; lastKnownFileType = sourcecode.swift; path = SecondTabView.swift; sourceTree = "<group>"; };
		E8552A1C2B47E01D0072DBF4 /* FirstTabViewState.swift */ = {isa = PBXFileReference; lastKnownFileType = sourcecode.swift; path = FirstTabViewState.swift; sourceTree = "<group>"; };
		E8552A1E2B47E0270072DBF4 /* SecondTabViewState.swift */ = {isa = PBXFileReference; lastKnownFileType = sourcecode.swift; path = SecondTabViewState.swift; sourceTree = "<group>"; };
		E8552A202B47ED2B0072DBF4 /* UserStore.swift */ = {isa = PBXFileReference; lastKnownFileType = sourcecode.swift; path = UserStore.swift; sourceTree = "<group>"; };
		E8DD81F72B45AC5600D10413 /* cloudKitTest.app */ = {isa = PBXFileReference; explicitFileType = wrapper.application; includeInIndex = 0; path = cloudKitTest.app; sourceTree = BUILT_PRODUCTS_DIR; };
		E8DD81FA2B45AC5600D10413 /* cloudKitTestApp.swift */ = {isa = PBXFileReference; lastKnownFileType = sourcecode.swift; path = cloudKitTestApp.swift; sourceTree = "<group>"; };
		E8DD81FC2B45AC5600D10413 /* ContentView.swift */ = {isa = PBXFileReference; lastKnownFileType = sourcecode.swift; path = ContentView.swift; sourceTree = "<group>"; };
		E8DD82002B45AC5700D10413 /* Assets.xcassets */ = {isa = PBXFileReference; lastKnownFileType = folder.assetcatalog; path = Assets.xcassets; sourceTree = "<group>"; };
		E8DD82032B45AC5700D10413 /* Preview Assets.xcassets */ = {isa = PBXFileReference; lastKnownFileType = folder.assetcatalog; path = "Preview Assets.xcassets"; sourceTree = "<group>"; };
		E8DD82052B45AC5700D10413 /* cloudKitTest.entitlements */ = {isa = PBXFileReference; lastKnownFileType = text.plist.entitlements; path = cloudKitTest.entitlements; sourceTree = "<group>"; };
		E8DD82062B45AC5700D10413 /* Info.plist */ = {isa = PBXFileReference; lastKnownFileType = text.plist.xml; path = Info.plist; sourceTree = "<group>"; };
/* End PBXFileReference section */

/* Begin PBXFrameworksBuildPhase section */
		E8DD81F42B45AC5600D10413 /* Frameworks */ = {
			isa = PBXFrameworksBuildPhase;
			buildActionMask = 2147483647;
			files = (
			);
			runOnlyForDeploymentPostprocessing = 0;
		};
/* End PBXFrameworksBuildPhase section */

/* Begin PBXGroup section */
		E8552A182B47DFD70072DBF4 /* View */ = {
			isa = PBXGroup;
			children = (
				E8DD81FC2B45AC5600D10413 /* ContentView.swift */,
				E8552A142B47DEDB0072DBF4 /* FirstTabView.swift */,
				E8552A162B47DEF70072DBF4 /* SecondTabView.swift */,
			);
			path = View;
			sourceTree = "<group>";
		};
		E8552A192B47DFDD0072DBF4 /* ViewState */ = {
			isa = PBXGroup;
			children = (
				E8552A1C2B47E01D0072DBF4 /* FirstTabViewState.swift */,
				E8552A1E2B47E0270072DBF4 /* SecondTabViewState.swift */,
			);
			path = ViewState;
			sourceTree = "<group>";
		};
		E8552A1A2B47DFE80072DBF4 /* Store */ = {
			isa = PBXGroup;
			children = (
				E8552A202B47ED2B0072DBF4 /* UserStore.swift */,
			);
			path = Store;
			sourceTree = "<group>";
		};
		E8552A1B2B47DFF00072DBF4 /* Model */ = {
			isa = PBXGroup;
			children = (
				E84B12932B469B6700A64FFA /* UserModel.swift */,
			);
			path = Model;
			sourceTree = "<group>";
		};
		E8DD81EE2B45AC5600D10413 = {
			isa = PBXGroup;
			children = (
				E8DD81F92B45AC5600D10413 /* cloudKitTest */,
				E8DD81F82B45AC5600D10413 /* Products */,
			);
			sourceTree = "<group>";
		};
		E8DD81F82B45AC5600D10413 /* Products */ = {
			isa = PBXGroup;
			children = (
				E8DD81F72B45AC5600D10413 /* cloudKitTest.app */,
			);
			name = Products;
			sourceTree = "<group>";
		};
		E8DD81F92B45AC5600D10413 /* cloudKitTest */ = {
			isa = PBXGroup;
			children = (
				E8DD81FA2B45AC5600D10413 /* cloudKitTestApp.swift */,
				E8552A1B2B47DFF00072DBF4 /* Model */,
				E8552A1A2B47DFE80072DBF4 /* Store */,
				E8552A192B47DFDD0072DBF4 /* ViewState */,
				E8552A182B47DFD70072DBF4 /* View */,
				E8DD82002B45AC5700D10413 /* Assets.xcassets */,
				E8DD82052B45AC5700D10413 /* cloudKitTest.entitlements */,
				E8DD82062B45AC5700D10413 /* Info.plist */,
				E8DD82022B45AC5700D10413 /* Preview Content */,
			);
			path = cloudKitTest;
			sourceTree = "<group>";
		};
		E8DD82022B45AC5700D10413 /* Preview Content */ = {
			isa = PBXGroup;
			children = (
				E8DD82032B45AC5700D10413 /* Preview Assets.xcassets */,
			);
			path = "Preview Content";
			sourceTree = "<group>";
		};
/* End PBXGroup section */

/* Begin PBXNativeTarget section */
		E8DD81F62B45AC5600D10413 /* cloudKitTest */ = {
			isa = PBXNativeTarget;
			buildConfigurationList = E8DD82092B45AC5700D10413 /* Build configuration list for PBXNativeTarget "cloudKitTest" */;
			buildPhases = (
				E8DD81F32B45AC5600D10413 /* Sources */,
				E8DD81F42B45AC5600D10413 /* Frameworks */,
				E8DD81F52B45AC5600D10413 /* Resources */,
			);
			buildRules = (
			);
			dependencies = (
			);
			name = cloudKitTest;
			productName = cloudKitTest;
			productReference = E8DD81F72B45AC5600D10413 /* cloudKitTest.app */;
			productType = "com.apple.product-type.application";
		};
/* End PBXNativeTarget section */

/* Begin PBXProject section */
		E8DD81EF2B45AC5600D10413 /* Project object */ = {
			isa = PBXProject;
			attributes = {
				BuildIndependentTargetsInParallel = 1;
				LastSwiftUpdateCheck = 1510;
				LastUpgradeCheck = 1510;
				TargetAttributes = {
					E8DD81F62B45AC5600D10413 = {
						CreatedOnToolsVersion = 15.1;
					};
				};
			};
			buildConfigurationList = E8DD81F22B45AC5600D10413 /* Build configuration list for PBXProject "cloudKitTest" */;
			compatibilityVersion = "Xcode 14.0";
			developmentRegion = en;
			hasScannedForEncodings = 0;
			knownRegions = (
				en,
				Base,
			);
			mainGroup = E8DD81EE2B45AC5600D10413;
			productRefGroup = E8DD81F82B45AC5600D10413 /* Products */;
			projectDirPath = "";
			projectRoot = "";
			targets = (
				E8DD81F62B45AC5600D10413 /* cloudKitTest */,
			);
		};
/* End PBXProject section */

/* Begin PBXResourcesBuildPhase section */
		E8DD81F52B45AC5600D10413 /* Resources */ = {
			isa = PBXResourcesBuildPhase;
			buildActionMask = 2147483647;
			files = (
				E8DD82042B45AC5700D10413 /* Preview Assets.xcassets in Resources */,
				E8DD82012B45AC5700D10413 /* Assets.xcassets in Resources */,
			);
			runOnlyForDeploymentPostprocessing = 0;
		};
/* End PBXResourcesBuildPhase section */

/* Begin PBXSourcesBuildPhase section */
		E8DD81F32B45AC5600D10413 /* Sources */ = {
			isa = PBXSourcesBuildPhase;
			buildActionMask = 2147483647;
			files = (
				E8552A1F2B47E0270072DBF4 /* SecondTabViewState.swift in Sources */,
				E8552A152B47DEDB0072DBF4 /* FirstTabView.swift in Sources */,
				E8552A1D2B47E01D0072DBF4 /* FirstTabViewState.swift in Sources */,
				E8DD81FD2B45AC5600D10413 /* ContentView.swift in Sources */,
				E84B12942B469B6700A64FFA /* UserModel.swift in Sources */,
				E8552A172B47DEF70072DBF4 /* SecondTabView.swift in Sources */,
				E8552A212B47ED2B0072DBF4 /* UserStore.swift in Sources */,
				E8DD81FB2B45AC5600D10413 /* cloudKitTestApp.swift in Sources */,
			);
			runOnlyForDeploymentPostprocessing = 0;
		};
/* End PBXSourcesBuildPhase section */

/* Begin XCBuildConfiguration section */
		E8DD82072B45AC5700D10413 /* Debug */ = {
			isa = XCBuildConfiguration;
			buildSettings = {
				ALWAYS_SEARCH_USER_PATHS = NO;
				ASSETCATALOG_COMPILER_GENERATE_SWIFT_ASSET_SYMBOL_EXTENSIONS = YES;
				CLANG_ANALYZER_NONNULL = YES;
				CLANG_ANALYZER_NUMBER_OBJECT_CONVERSION = YES_AGGRESSIVE;
				CLANG_CXX_LANGUAGE_STANDARD = "gnu++20";
				CLANG_ENABLE_MODULES = YES;
				CLANG_ENABLE_OBJC_ARC = YES;
				CLANG_ENABLE_OBJC_WEAK = YES;
				CLANG_WARN_BLOCK_CAPTURE_AUTORELEASING = YES;
				CLANG_WARN_BOOL_CONVERSION = YES;
				CLANG_WARN_COMMA = YES;
				CLANG_WARN_CONSTANT_CONVERSION = YES;
				CLANG_WARN_DEPRECATED_OBJC_IMPLEMENTATIONS = YES;
				CLANG_WARN_DIRECT_OBJC_ISA_USAGE = YES_ERROR;
				CLANG_WARN_DOCUMENTATION_COMMENTS = YES;
				CLANG_WARN_EMPTY_BODY = YES;
				CLANG_WARN_ENUM_CONVERSION = YES;
				CLANG_WARN_INFINITE_RECURSION = YES;
				CLANG_WARN_INT_CONVERSION = YES;
				CLANG_WARN_NON_LITERAL_NULL_CONVERSION = YES;
				CLANG_WARN_OBJC_IMPLICIT_RETAIN_SELF = YES;
				CLANG_WARN_OBJC_LITERAL_CONVERSION = YES;
				CLANG_WARN_OBJC_ROOT_CLASS = YES_ERROR;
				CLANG_WARN_QUOTED_INCLUDE_IN_FRAMEWORK_HEADER = YES;
				CLANG_WARN_RANGE_LOOP_ANALYSIS = YES;
				CLANG_WARN_STRICT_PROTOTYPES = YES;
				CLANG_WARN_SUSPICIOUS_MOVE = YES;
				CLANG_WARN_UNGUARDED_AVAILABILITY = YES_AGGRESSIVE;
				CLANG_WARN_UNREACHABLE_CODE = YES;
				CLANG_WARN__DUPLICATE_METHOD_MATCH = YES;
				COPY_PHASE_STRIP = NO;
				DEBUG_INFORMATION_FORMAT = dwarf;
				ENABLE_STRICT_OBJC_MSGSEND = YES;
				ENABLE_TESTABILITY = YES;
				ENABLE_USER_SCRIPT_SANDBOXING = YES;
				GCC_C_LANGUAGE_STANDARD = gnu17;
				GCC_DYNAMIC_NO_PIC = NO;
				GCC_NO_COMMON_BLOCKS = YES;
				GCC_OPTIMIZATION_LEVEL = 0;
				GCC_PREPROCESSOR_DEFINITIONS = (
					"DEBUG=1",
					"$(inherited)",
				);
				GCC_WARN_64_TO_32_BIT_CONVERSION = YES;
				GCC_WARN_ABOUT_RETURN_TYPE = YES_ERROR;
				GCC_WARN_UNDECLARED_SELECTOR = YES;
				GCC_WARN_UNINITIALIZED_AUTOS = YES_AGGRESSIVE;
				GCC_WARN_UNUSED_FUNCTION = YES;
				GCC_WARN_UNUSED_VARIABLE = YES;
				IPHONEOS_DEPLOYMENT_TARGET = 17.2;
				LOCALIZATION_PREFERS_STRING_CATALOGS = YES;
				MTL_ENABLE_DEBUG_INFO = INCLUDE_SOURCE;
				MTL_FAST_MATH = YES;
				ONLY_ACTIVE_ARCH = YES;
				SDKROOT = iphoneos;
				SWIFT_ACTIVE_COMPILATION_CONDITIONS = "DEBUG $(inherited)";
				SWIFT_OPTIMIZATION_LEVEL = "-Onone";
			};
			name = Debug;
		};
		E8DD82082B45AC5700D10413 /* Release */ = {
			isa = XCBuildConfiguration;
			buildSettings = {
				ALWAYS_SEARCH_USER_PATHS = NO;
				ASSETCATALOG_COMPILER_GENERATE_SWIFT_ASSET_SYMBOL_EXTENSIONS = YES;
				CLANG_ANALYZER_NONNULL = YES;
				CLANG_ANALYZER_NUMBER_OBJECT_CONVERSION = YES_AGGRESSIVE;
				CLANG_CXX_LANGUAGE_STANDARD = "gnu++20";
				CLANG_ENABLE_MODULES = YES;
				CLANG_ENABLE_OBJC_ARC = YES;
				CLANG_ENABLE_OBJC_WEAK = YES;
				CLANG_WARN_BLOCK_CAPTURE_AUTORELEASING = YES;
				CLANG_WARN_BOOL_CONVERSION = YES;
				CLANG_WARN_COMMA = YES;
				CLANG_WARN_CONSTANT_CONVERSION = YES;
				CLANG_WARN_DEPRECATED_OBJC_IMPLEMENTATIONS = YES;
				CLANG_WARN_DIRECT_OBJC_ISA_USAGE = YES_ERROR;
				CLANG_WARN_DOCUMENTATION_COMMENTS = YES;
				CLANG_WARN_EMPTY_BODY = YES;
				CLANG_WARN_ENUM_CONVERSION = YES;
				CLANG_WARN_INFINITE_RECURSION = YES;
				CLANG_WARN_INT_CONVERSION = YES;
				CLANG_WARN_NON_LITERAL_NULL_CONVERSION = YES;
				CLANG_WARN_OBJC_IMPLICIT_RETAIN_SELF = YES;
				CLANG_WARN_OBJC_LITERAL_CONVERSION = YES;
				CLANG_WARN_OBJC_ROOT_CLASS = YES_ERROR;
				CLANG_WARN_QUOTED_INCLUDE_IN_FRAMEWORK_HEADER = YES;
				CLANG_WARN_RANGE_LOOP_ANALYSIS = YES;
				CLANG_WARN_STRICT_PROTOTYPES = YES;
				CLANG_WARN_SUSPICIOUS_MOVE = YES;
				CLANG_WARN_UNGUARDED_AVAILABILITY = YES_AGGRESSIVE;
				CLANG_WARN_UNREACHABLE_CODE = YES;
				CLANG_WARN__DUPLICATE_METHOD_MATCH = YES;
				COPY_PHASE_STRIP = NO;
				DEBUG_INFORMATION_FORMAT = "dwarf-with-dsym";
				ENABLE_NS_ASSERTIONS = NO;
				ENABLE_STRICT_OBJC_MSGSEND = YES;
				ENABLE_USER_SCRIPT_SANDBOXING = YES;
				GCC_C_LANGUAGE_STANDARD = gnu17;
				GCC_NO_COMMON_BLOCKS = YES;
				GCC_WARN_64_TO_32_BIT_CONVERSION = YES;
				GCC_WARN_ABOUT_RETURN_TYPE = YES_ERROR;
				GCC_WARN_UNDECLARED_SELECTOR = YES;
				GCC_WARN_UNINITIALIZED_AUTOS = YES_AGGRESSIVE;
				GCC_WARN_UNUSED_FUNCTION = YES;
				GCC_WARN_UNUSED_VARIABLE = YES;
				IPHONEOS_DEPLOYMENT_TARGET = 17.2;
				LOCALIZATION_PREFERS_STRING_CATALOGS = YES;
				MTL_ENABLE_DEBUG_INFO = NO;
				MTL_FAST_MATH = YES;
				SDKROOT = iphoneos;
				SWIFT_COMPILATION_MODE = wholemodule;
				VALIDATE_PRODUCT = YES;
			};
			name = Release;
		};
		E8DD820A2B45AC5700D10413 /* Debug */ = {
			isa = XCBuildConfiguration;
			buildSettings = {
				ASSETCATALOG_COMPILER_APPICON_NAME = AppIcon;
				ASSETCATALOG_COMPILER_GLOBAL_ACCENT_COLOR_NAME = AccentColor;
				CODE_SIGN_ENTITLEMENTS = cloudKitTest/cloudKitTest.entitlements;
				CODE_SIGN_STYLE = Automatic;
				CURRENT_PROJECT_VERSION = 1;
				DEVELOPMENT_ASSET_PATHS = "\"cloudKitTest/Preview Content\"";
				DEVELOPMENT_TEAM = P24W56LHXT;
				ENABLE_PREVIEWS = YES;
				GENERATE_INFOPLIST_FILE = YES;
				INFOPLIST_FILE = cloudKitTest/Info.plist;
				INFOPLIST_KEY_UIApplicationSceneManifest_Generation = YES;
				INFOPLIST_KEY_UIApplicationSupportsIndirectInputEvents = YES;
				INFOPLIST_KEY_UILaunchScreen_Generation = YES;
				INFOPLIST_KEY_UISupportedInterfaceOrientations_iPad = "UIInterfaceOrientationPortrait UIInterfaceOrientationPortraitUpsideDown UIInterfaceOrientationLandscapeLeft UIInterfaceOrientationLandscapeRight";
				INFOPLIST_KEY_UISupportedInterfaceOrientations_iPhone = "UIInterfaceOrientationPortrait UIInterfaceOrientationLandscapeLeft UIInterfaceOrientationLandscapeRight";
				LD_RUNPATH_SEARCH_PATHS = (
					"$(inherited)",
					"@executable_path/Frameworks",
				);
				MARKETING_VERSION = 1.0;
				PRODUCT_BUNDLE_IDENTIFIER = kaikai.cloudKitTest;
				PRODUCT_NAME = "$(TARGET_NAME)";
				SWIFT_EMIT_LOC_STRINGS = YES;
				SWIFT_VERSION = 5.0;
				TARGETED_DEVICE_FAMILY = "1,2";
			};
			name = Debug;
		};
		E8DD820B2B45AC5700D10413 /* Release */ = {
			isa = XCBuildConfiguration;
			buildSettings = {
				ASSETCATALOG_COMPILER_APPICON_NAME = AppIcon;
				ASSETCATALOG_COMPILER_GLOBAL_ACCENT_COLOR_NAME = AccentColor;
				CODE_SIGN_ENTITLEMENTS = cloudKitTest/cloudKitTest.entitlements;
				CODE_SIGN_STYLE = Automatic;
				CURRENT_PROJECT_VERSION = 1;
				DEVELOPMENT_ASSET_PATHS = "\"cloudKitTest/Preview Content\"";
				DEVELOPMENT_TEAM = P24W56LHXT;
				ENABLE_PREVIEWS = YES;
				GENERATE_INFOPLIST_FILE = YES;
				INFOPLIST_FILE = cloudKitTest/Info.plist;
				INFOPLIST_KEY_UIApplicationSceneManifest_Generation = YES;
				INFOPLIST_KEY_UIApplicationSupportsIndirectInputEvents = YES;
				INFOPLIST_KEY_UILaunchScreen_Generation = YES;
				INFOPLIST_KEY_UISupportedInterfaceOrientations_iPad = "UIInterfaceOrientationPortrait UIInterfaceOrientationPortraitUpsideDown UIInterfaceOrientationLandscapeLeft UIInterfaceOrientationLandscapeRight";
				INFOPLIST_KEY_UISupportedInterfaceOrientations_iPhone = "UIInterfaceOrientationPortrait UIInterfaceOrientationLandscapeLeft UIInterfaceOrientationLandscapeRight";
				LD_RUNPATH_SEARCH_PATHS = (
					"$(inherited)",
					"@executable_path/Frameworks",
				);
				MARKETING_VERSION = 1.0;
				PRODUCT_BUNDLE_IDENTIFIER = kaikai.cloudKitTest;
				PRODUCT_NAME = "$(TARGET_NAME)";
				SWIFT_EMIT_LOC_STRINGS = YES;
				SWIFT_VERSION = 5.0;
				TARGETED_DEVICE_FAMILY = "1,2";
			};
			name = Release;
		};
/* End XCBuildConfiguration section */

/* Begin XCConfigurationList section */
		E8DD81F22B45AC5600D10413 /* Build configuration list for PBXProject "cloudKitTest" */ = {
			isa = XCConfigurationList;
			buildConfigurations = (
				E8DD82072B45AC5700D10413 /* Debug */,
				E8DD82082B45AC5700D10413 /* Release */,
			);
			defaultConfigurationIsVisible = 0;
			defaultConfigurationName = Release;
		};
		E8DD82092B45AC5700D10413 /* Build configuration list for PBXNativeTarget "cloudKitTest" */ = {
			isa = XCConfigurationList;
			buildConfigurations = (
				E8DD820A2B45AC5700D10413 /* Debug */,
				E8DD820B2B45AC5700D10413 /* Release */,
			);
			defaultConfigurationIsVisible = 0;
			defaultConfigurationName = Release;
		};
/* End XCConfigurationList section */
	};
	rootObject = E8DD81EF2B45AC5600D10413 /* Project object */;
}
